
Microsoft Visual Studio Solution File, Format Version 12.00
# Visual Studio Version 17
VisualStudioVersion = 17.0.32126.317
MinimumVisualStudioVersion = 10.0.40219.1
Project("{9A19103F-16F7-4668-BE54-9A1E7A4F7556}") = "ChatServer", "ChatServer\ChatServer.csproj", "{3BA45669-8CAA-44B2-BB65-5A0BDBB79232}"
EndProject
Project("{9A19103F-16F7-4668-BE54-9A1E7A4F7556}") = "Chat", "Chat\Chat.csproj", "{B5D1548F-0D98-416E-804E-03386FD20079}"
EndProject
Project("{FAE04EC0-301F-11D3-BF4B-00C04F79EFBC}") = "ChatClient", "..\ChatClient\ChatClient.csproj", "{A92CA1BA-A56B-4161-B57F-5B5EB29A9DEA}"
EndProject
Global
	GlobalSection(SolutionConfigurationPlatforms) = preSolution
		Debug|Any CPU = Debug|Any CPU
		Release|Any CPU = Release|Any CPU
	EndGlobalSection
	GlobalSection(ProjectConfigurationPlatforms) = postSolution
		{3BA45669-8CAA-44B2-BB65-5A0BDBB79232}.Debug|Any CPU.ActiveCfg = Debug|Any CPU
		{3BA45669-8CAA-44B2-BB65-5A0BDBB79232}.Debug|Any CPU.Build.0 = Debug|Any CPU
		{3BA45669-8CAA-44B2-BB65-5A0BDBB79232}.Release|Any CPU.ActiveCfg = Release|Any CPU
		{3BA45669-8CAA-44B2-BB65-5A0BDBB79232}.Release|Any CPU.Build.0 = Release|Any CPU
		{B5D1548F-0D98-416E-804E-03386FD20079}.Debug|Any CPU.ActiveCfg = Debug|Any CPU
		{B5D1548F-0D98-416E-804E-03386FD20079}.Debug|Any CPU.Build.0 = Debug|Any CPU
		{B5D1548F-0D98-416E-804E-03386FD20079}.Release|Any CPU.ActiveCfg = Release|Any CPU
		{B5D1548F-0D98-416E-804E-03386FD20079}.Release|Any CPU.Build.0 = Release|Any CPU
		{A92CA1BA-A56B-4161-B57F-5B5EB29A9DEA}.Debug|Any CPU.ActiveCfg = Debug|Any CPU
		{A92CA1BA-A56B-4161-B57F-5B5EB29A9DEA}.Debug|Any CPU.Build.0 = Debug|Any CPU
		{A92CA1BA-A56B-4161-B57F-5B5EB29A9DEA}.Release|Any CPU.ActiveCfg = Release|Any CPU
		{A92CA1BA-A56B-4161-B57F-5B5EB29A9DEA}.Release|Any CPU.Build.0 = Release|Any CPU
	EndGlobalSection
	GlobalSection(SolutionProperties) = preSolution
		HideSolutionNode = FALSE
	EndGlobalSection
	GlobalSection(ExtensibilityGlobals) = postSolution
		SolutionGuid = {E3542F92-D69D-4EDD-BDE6-809E07DF28C7}
	EndGlobalSection
EndGlobal
